<Solution>
  <Folder Name="/.github/">
    <File Path="../.github/copilot-instructions.md" />
  </Folder>
  <Configurations>
    <BuildType Name="Release" />
  </Configurations>
  <Project Path="MendingWeaponStoragePatch/MendingWeaponStoragePatch.csproj" />
  <Project Path="WeaponStorage/WeaponStorage.csproj" />
</Solution>