Microsoft Visual Studio Solution File, Format Version 12.00
# Visual Studio Version 17
VisualStudioVersion = 17.6.33723.286
MinimumVisualStudioVersion = 10.0.40219.1
Project("{9A19103F-16F7-4668-BE54-9A1E7A4F7556}") = "WeaponStorage", "WeaponStorage\WeaponStorage.csproj", "{A96209ED-2A90-44F0-9E7C-AEB7750421E0}"
EndProject
Project("{9A19103F-16F7-4668-BE54-9A1E7A4F7556}") = "MendingWeaponStoragePatch", "MendingWeaponStoragePatch\MendingWeaponStoragePatch.csproj", "{970D9D78-AE91-4FFB-998F-A384F408066C}"
EndProject
Global
	GlobalSection(SolutionConfigurationPlatforms) = preSolution
		Debug|Any CPU = Debug|Any CPU
		Release|Any CPU = Release|Any CPU
	EndGlobalSection
	GlobalSection(ProjectConfigurationPlatforms) = postSolution
		{A96209ED-2A90-44F0-9E7C-AEB7750421E0}.Debug|Any CPU.ActiveCfg = Debug|Any CPU
		{A96209ED-2A90-44F0-9E7C-AEB7750421E0}.Debug|Any CPU.Build.0 = Debug|Any CPU
		{A96209ED-2A90-44F0-9E7C-AEB7750421E0}.Release|Any CPU.ActiveCfg = Release|Any CPU
		{A96209ED-2A90-44F0-9E7C-AEB7750421E0}.Release|Any CPU.Build.0 = Release|Any CPU
		{970D9D78-AE91-4FFB-998F-A384F408066C}.Debug|Any CPU.ActiveCfg = Debug|Any CPU
		{970D9D78-AE91-4FFB-998F-A384F408066C}.Debug|Any CPU.Build.0 = Debug|Any CPU
		{970D9D78-AE91-4FFB-998F-A384F408066C}.Release|Any CPU.ActiveCfg = Release|Any CPU
		{970D9D78-AE91-4FFB-998F-A384F408066C}.Release|Any CPU.Build.0 = Release|Any CPU
	EndGlobalSection
	GlobalSection(SolutionProperties) = preSolution
		HideSolutionNode = FALSE
	EndGlobalSection
	GlobalSection(ExtensibilityGlobals) = postSolution
		SolutionGuid = {acc12604-5452-4b89-9b52-0df823771bb3}
	EndGlobalSection
EndGlobal
